
Microsoft Visual Studio Solution File, Format Version 12.00
# Visual Studio Version 16
VisualStudioVersion = 16.0.30523.141
MinimumVisualStudioVersion = 10.0.40219.1
Project("{FAE04EC0-301F-11D3-BF4B-00C04F79EFBC}") = "BankingApp", "BankingApp.csproj", "{B9FBD6D3-31A0-4DBE-AB8B-81A9CD890DAC}"
EndProject
Global
	GlobalSection(SolutionConfigurationPlatforms) = preSolution
		Debug|Any CPU = Debug|Any CPU
		Release|Any CPU = Release|Any CPU
	EndGlobalSection
	GlobalSection(ProjectConfigurationPlatforms) = postSolution
		{B9FBD6D3-31A0-4DBE-AB8B-81A9CD890DAC}.Debug|Any CPU.ActiveCfg = Debug|Any CPU
		{B9FBD6D3-31A0-4DBE-AB8B-81A9CD890DAC}.Debug|Any CPU.Build.0 = Debug|Any CPU
		{B9FBD6D3-31A0-4DBE-AB8B-81A9CD890DAC}.Release|Any CPU.ActiveCfg = Release|Any CPU
		{B9FBD6D3-31A0-4DBE-AB8B-81A9CD890DAC}.Release|Any CPU.Build.0 = Release|Any CPU
	EndGlobalSection
	GlobalSection(SolutionProperties) = preSolution
		HideSolutionNode = FALSE
	EndGlobalSection
	GlobalSection(ExtensibilityGlobals) = postSolution
		SolutionGuid = {83F05A31-F9E8-426C-A9C5-5D5B0FECBD29}
	EndGlobalSection
EndGlobal
